<?xml version="1.0" encoding="utf-8"?>
<Project ToolsVersion="4.0" xmlns="http://schemas.microsoft.com/developer/msbuild/2003">
  <ItemGroup>
    <Filter Include="Source Files">
      <UniqueIdentifier>{4FC737F1-C7A5-4376-A066-2A32D752A2FF}</UniqueIdentifier>
      <Extensions>cpp;c;cc;cxx;def;odl;idl;hpj;bat;asm;asmx</Extensions>
    </Filter>
    <Filter Include="Header Files">
      <UniqueIdentifier>{93995380-89BD-4b04-88EB-625FBE52EBFB}</UniqueIdentifier>
      <Extensions>h;hh;hpp;hxx;hm;inl;inc;ipp;xsd</Extensions>
    </Filter>
    <Filter Include="Resource Files">
      <UniqueIdentifier>{67DA6AB6-F800-4c08-8B7A-83BB121AAD01}</UniqueIdentifier>
      <Extensions>rc;ico;cur;bmp;dlg;rc2;rct;bin;rgs;gif;jpg;jpeg;jpe;resx;tiff;tif;png;wav;mfcribbon-ms</Extensions>
    </Filter>
    <Filter Include="Source Files\render_engine">
      <UniqueIdentifier>{3ad467e6-2884-4674-b676-0d2a9d139362}</UniqueIdentifier>
    </Filter>
    <Filter Include="Source Files\physics_engine">
      <UniqueIdentifier>{784cf3ea-e896-4347-bd45-ac939a034a83}</UniqueIdentifier>
    </Filter>
    <Filter Include="Source Files\math">
      <UniqueIdentifier>{185e3aaa-1197-48fb-a49e-22fe8a85355a}</UniqueIdentifier>
    </Filter>
    <Filter Include="Source Files\shaders">
      <UniqueIdentifier>{03d6ad85-03f9-47eb-8855-c06d1b9ab856}</UniqueIdentifier>
    </Filter>
    <Filter Include="Source Files\game_state">
      <UniqueIdentifier>{87888ab4-8b1a-483b-9d4e-946dc80b5aab}</UniqueIdentifier>
    </Filter>
  </ItemGroup>
  <ItemGroup>
    <ClCompile Include="world_engine.cpp">
      <Filter>Source Files</Filter>
    </ClCompile>
    <ClCompile Include="render_engine.cpp">
      <Filter>Source Files\render_engine</Filter>
    </ClCompile>
    <ClCompile Include="physics_engine.cpp">
      <Filter>Source Files\physics_engine</Filter>
    </ClCompile>
    <ClCompile Include="perlin.cpp">
      <Filter>Source Files\math</Filter>
    </ClCompile>
    <ClCompile Include="terrain.cpp">
      <Filter>Source Files</Filter>
    </ClCompile>
    <ClCompile Include="terrain_generator.cpp">
      <Filter>Source Files</Filter>
    </ClCompile>
    <ClCompile Include="camera.cpp">
      <Filter>Source Files</Filter>
    </ClCompile>
    <ClCompile Include="loader.cpp">
      <Filter>Source Files</Filter>
    </ClCompile>
    <ClCompile Include="main.cpp">
      <Filter>Source Files</Filter>
    </ClCompile>
    <ClCompile Include="state_ingame.cpp">
      <Filter>Source Files\game_state</Filter>
    </ClCompile>
    <ClCompile Include="input_manager.cpp">
      <Filter>Source Files</Filter>
    </ClCompile>
  </ItemGroup>
  <ItemGroup>
    <ClInclude Include="physics_engine.h">
      <Filter>Source Files\physics_engine</Filter>
    </ClInclude>
    <ClInclude Include="render_engine.h">
      <Filter>Source Files\render_engine</Filter>
    </ClInclude>
    <ClInclude Include="perlin.h">
      <Filter>Source Files\math</Filter>
    </ClInclude>
    <ClInclude Include="terrain.h">
      <Filter>Source Files</Filter>
    </ClInclude>
    <ClInclude Include="terrain_generator.h">
      <Filter>Source Files</Filter>
    </ClInclude>
    <ClInclude Include="camera.h">
      <Filter>Source Files</Filter>
    </ClInclude>
    <ClInclude Include="loader.h">
      <Filter>Source Files</Filter>
    </ClInclude>
    <ClInclude Include="world_engine.h">
      <Filter>Source Files</Filter>
    </ClInclude>
    <ClInclude Include="game_state.h">
      <Filter>Source Files\game_state</Filter>
    </ClInclude>
    <ClInclude Include="state_ingame.h">
      <Filter>Source Files\game_state</Filter>
    </ClInclude>
    <ClInclude Include="input_manager.h">
      <Filter>Source Files</Filter>
    </ClInclude>
  </ItemGroup>
  <ItemGroup>
    <None Include="frag.glsl">
      <Filter>Source Files\shaders</Filter>
    </None>
    <None Include="vertex.glsl">
      <Filter>Source Files\shaders</Filter>
    </None>
    <None Include="camera_vert.glsl">
      <Filter>Source Files\shaders</Filter>
    </None>
    <None Include="camera_frag.glsl">
      <Filter>Source Files\shaders</Filter>
    </None>
  </ItemGroup>
</Project>