<?xml version="1.0" encoding="utf-8"?>
<Project ToolsVersion="4.0" xmlns="http://schemas.microsoft.com/developer/msbuild/2003">
  <ItemGroup>
    <Filter Include="Source Files">
      <UniqueIdentifier>{4FC737F1-C7A5-4376-A066-2A32D752A2FF}</UniqueIdentifier>
      <Extensions>cpp;c;cc;cxx;def;odl;idl;hpj;bat;asm;asmx</Extensions>
    </Filter>
    <Filter Include="Header Files">
      <UniqueIdentifier>{93995380-89BD-4b04-88EB-625FBE52EBFB}</UniqueIdentifier>
      <Extensions>h;hh;hpp;hxx;hm;inl;inc;ipp;xsd</Extensions>
    </Filter>
    <Filter Include="Resource Files">
      <UniqueIdentifier>{67DA6AB6-F800-4c08-8B7A-83BB121AAD01}</UniqueIdentifier>
      <Extensions>rc;ico;cur;bmp;dlg;rc2;rct;bin;rgs;gif;jpg;jpeg;jpe;resx;tiff;tif;png;wav;mfcribbon-ms</Extensions>
    </Filter>
    <Filter Include="Source Files\render_engine">
      <UniqueIdentifier>{3ad467e6-2884-4674-b676-0d2a9d139362}</UniqueIdentifier>
    </Filter>
    <Filter Include="Source Files\physics_engine">
      <UniqueIdentifier>{784cf3ea-e896-4347-bd45-ac939a034a83}</UniqueIdentifier>
    </Filter>
    <Filter Include="Source Files\shaders">
      <UniqueIdentifier>{03d6ad85-03f9-47eb-8855-c06d1b9ab856}</UniqueIdentifier>
    </Filter>
    <Filter Include="Source Files\game_state">
      <UniqueIdentifier>{87888ab4-8b1a-483b-9d4e-946dc80b5aab}</UniqueIdentifier>
    </Filter>
    <Filter Include="Source Files\entities">
      <UniqueIdentifier>{e058e817-800c-4cce-8087-e95ba451102a}</UniqueIdentifier>
    </Filter>
    <Filter Include="Source Files\render_engine\entities">
      <UniqueIdentifier>{458034e7-3b64-4bad-92f8-84768e274a7f}</UniqueIdentifier>
    </Filter>
    <Filter Include="Source Files\entities\floors">
      <UniqueIdentifier>{c89625ae-2050-45b3-8df4-1d35ac1240b6}</UniqueIdentifier>
    </Filter>
  </ItemGroup>
  <ItemGroup>
    <ClCompile Include="world_engine.cpp">
      <Filter>Source Files</Filter>
    </ClCompile>
    <ClCompile Include="render_engine.cpp">
      <Filter>Source Files\render_engine</Filter>
    </ClCompile>
    <ClCompile Include="physics_engine.cpp">
      <Filter>Source Files\physics_engine</Filter>
    </ClCompile>
    <ClCompile Include="terrain.cpp">
      <Filter>Source Files</Filter>
    </ClCompile>
    <ClCompile Include="terrain_generator.cpp">
      <Filter>Source Files</Filter>
    </ClCompile>
    <ClCompile Include="camera.cpp">
      <Filter>Source Files</Filter>
    </ClCompile>
    <ClCompile Include="main.cpp">
      <Filter>Source Files</Filter>
    </ClCompile>
    <ClCompile Include="state_ingame.cpp">
      <Filter>Source Files\game_state</Filter>
    </ClCompile>
    <ClCompile Include="input_manager.cpp">
      <Filter>Source Files</Filter>
    </ClCompile>
    <ClCompile Include="perlin.cpp">
      <Filter>Source Files</Filter>
    </ClCompile>
    <ClCompile Include="player.cpp">
      <Filter>Source Files</Filter>
    </ClCompile>
    <ClCompile Include="world.cpp">
      <Filter>Source Files</Filter>
    </ClCompile>
    <ClCompile Include="aabb.cpp">
      <Filter>Source Files\physics_engine</Filter>
    </ClCompile>
    <ClCompile Include="math.cpp">
      <Filter>Source Files\physics_engine</Filter>
    </ClCompile>
    <ClCompile Include="sphere.cpp">
      <Filter>Source Files\physics_engine</Filter>
    </ClCompile>
    <ClCompile Include="plane.cpp">
      <Filter>Source Files\physics_engine</Filter>
    </ClCompile>
    <ClCompile Include="shape.cpp">
      <Filter>Source Files\physics_engine</Filter>
    </ClCompile>
    <ClCompile Include="entity.cpp">
      <Filter>Source Files\entities</Filter>
    </ClCompile>
    <ClCompile Include="crate.cpp">
      <Filter>Source Files\entities</Filter>
    </ClCompile>
    <ClCompile Include="entity_manager.cpp">
      <Filter>Source Files\entities</Filter>
    </ClCompile>
    <ClCompile Include="scene.cpp">
      <Filter>Source Files\render_engine</Filter>
    </ClCompile>
    <ClCompile Include="render_loader.cpp">
      <Filter>Source Files\render_engine</Filter>
    </ClCompile>
    <ClCompile Include="lodepng.cpp">
      <Filter>Source Files\render_engine</Filter>
    </ClCompile>
    <ClCompile Include="scene_entity.cpp">
      <Filter>Source Files\render_engine\entities</Filter>
    </ClCompile>
    <ClCompile Include="wireframe.cpp">
      <Filter>Source Files\render_engine\entities</Filter>
    </ClCompile>
    <ClCompile Include="obj_loader.cpp">
      <Filter>Source Files\render_engine</Filter>
    </ClCompile>
    <ClCompile Include="slate_platform1.cpp">
      <Filter>Source Files\entities</Filter>
    </ClCompile>
    <ClCompile Include="bush1.cpp">
      <Filter>Source Files\entities</Filter>
    </ClCompile>
    <ClCompile Include="maze.cpp">
      <Filter>Source Files\entities</Filter>
    </ClCompile>
    <ClCompile Include="path_generator.cpp">
      <Filter>Source Files</Filter>
    </ClCompile>
    <ClCompile Include="floor.cpp">
      <Filter>Source Files\entities\floors</Filter>
    </ClCompile>
    <ClCompile Include="floor_normal.cpp">
      <Filter>Source Files\entities\floors</Filter>
    </ClCompile>
    <ClCompile Include="starting_platform.cpp">
      <Filter>Source Files\entities\floors</Filter>
    </ClCompile>
    <ClCompile Include="dynamic_aabb.cpp">
      <Filter>Source Files\physics_engine</Filter>
    </ClCompile>
    <ClCompile Include="texture_manager.cpp">
      <Filter>Source Files\render_engine</Filter>
    </ClCompile>
  </ItemGroup>
  <ItemGroup>
    <ClInclude Include="physics_engine.h">
      <Filter>Source Files\physics_engine</Filter>
    </ClInclude>
    <ClInclude Include="render_engine.h">
      <Filter>Source Files\render_engine</Filter>
    </ClInclude>
    <ClInclude Include="terrain.h">
      <Filter>Source Files</Filter>
    </ClInclude>
    <ClInclude Include="terrain_generator.h">
      <Filter>Source Files</Filter>
    </ClInclude>
    <ClInclude Include="camera.h">
      <Filter>Source Files</Filter>
    </ClInclude>
    <ClInclude Include="world_engine.h">
      <Filter>Source Files</Filter>
    </ClInclude>
    <ClInclude Include="game_state.h">
      <Filter>Source Files\game_state</Filter>
    </ClInclude>
    <ClInclude Include="state_ingame.h">
      <Filter>Source Files\game_state</Filter>
    </ClInclude>
    <ClInclude Include="input_manager.h">
      <Filter>Source Files</Filter>
    </ClInclude>
    <ClInclude Include="perlin.h">
      <Filter>Source Files</Filter>
    </ClInclude>
    <ClInclude Include="player.h">
      <Filter>Source Files</Filter>
    </ClInclude>
    <ClInclude Include="world.h">
      <Filter>Source Files</Filter>
    </ClInclude>
    <ClInclude Include="aabb.h">
      <Filter>Source Files\physics_engine</Filter>
    </ClInclude>
    <ClInclude Include="math.h">
      <Filter>Source Files\physics_engine</Filter>
    </ClInclude>
    <ClInclude Include="sphere.h">
      <Filter>Source Files\physics_engine</Filter>
    </ClInclude>
    <ClInclude Include="plane.h">
      <Filter>Source Files\physics_engine</Filter>
    </ClInclude>
    <ClInclude Include="shape.h">
      <Filter>Source Files\physics_engine</Filter>
    </ClInclude>
    <ClInclude Include="entity.h">
      <Filter>Source Files\entities</Filter>
    </ClInclude>
    <ClInclude Include="crate.h">
      <Filter>Source Files\entities</Filter>
    </ClInclude>
    <ClInclude Include="entity_manager.h">
      <Filter>Source Files\entities</Filter>
    </ClInclude>
    <ClInclude Include="scene.h">
      <Filter>Source Files\render_engine</Filter>
    </ClInclude>
    <ClInclude Include="render_loader.h">
      <Filter>Source Files\render_engine</Filter>
    </ClInclude>
    <ClInclude Include="lodepng.h">
      <Filter>Source Files\render_engine</Filter>
    </ClInclude>
    <ClInclude Include="scene_entity.h">
      <Filter>Source Files\render_engine\entities</Filter>
    </ClInclude>
    <ClInclude Include="wireframe.h">
      <Filter>Source Files\render_engine\entities</Filter>
    </ClInclude>
    <ClInclude Include="obj_loader.h">
      <Filter>Source Files\render_engine</Filter>
    </ClInclude>
    <ClInclude Include="slate_platform1.h">
      <Filter>Source Files\entities</Filter>
    </ClInclude>
    <ClInclude Include="bush1.h">
      <Filter>Source Files\entities</Filter>
    </ClInclude>
    <ClInclude Include="maze.h">
      <Filter>Source Files\entities</Filter>
    </ClInclude>
    <ClInclude Include="path_generator.h">
      <Filter>Source Files</Filter>
    </ClInclude>
    <ClInclude Include="floor.h">
      <Filter>Source Files\entities\floors</Filter>
    </ClInclude>
    <ClInclude Include="floor_normal.h">
      <Filter>Source Files\entities\floors</Filter>
    </ClInclude>
    <ClInclude Include="starting_platform.h">
      <Filter>Source Files\entities\floors</Filter>
    </ClInclude>
    <ClInclude Include="dynamic_aabb.h">
      <Filter>Source Files\physics_engine</Filter>
    </ClInclude>
    <ClInclude Include="texture_manager.h">
      <Filter>Source Files\render_engine</Filter>
    </ClInclude>
  </ItemGroup>
  <ItemGroup>
    <None Include="frag.glsl">
      <Filter>Source Files\shaders</Filter>
    </None>
    <None Include="vertex.glsl">
      <Filter>Source Files\shaders</Filter>
    </None>
    <None Include="camera_vert.glsl">
      <Filter>Source Files\shaders</Filter>
    </None>
    <None Include="camera_frag.glsl">
      <Filter>Source Files\shaders</Filter>
    </None>
    <None Include="default_frag.glsl">
      <Filter>Source Files\shaders</Filter>
    </None>
    <None Include="default_vert.glsl">
      <Filter>Source Files\shaders</Filter>
    </None>
    <None Include="resources\slate_platform1.obj">
      <Filter>Resource Files</Filter>
    </None>
    <None Include="resources\cube.obj">
      <Filter>Resource Files</Filter>
    </None>
  </ItemGroup>
  <ItemGroup>
    <Image Include="resources\crate_1.png">
      <Filter>Resource Files</Filter>
    </Image>
  </ItemGroup>
</Project>